
Microsoft Visual Studio Solution File, Format Version 12.00
# Visual Studio Version 17
VisualStudioVersion = 17.8.34309.116
MinimumVisualStudioVersion = 10.0.40219.1
Project("{FAE04EC0-301F-11D3-BF4B-00C04F79EFBC}") = "tgbot", "tgbot.csproj", "{EBB4D4A2-0182-46F8-92F7-D578299ADE66}"
EndProject
Global
	GlobalSection(SolutionConfigurationPlatforms) = preSolution
		Debug|Any CPU = Debug|Any CPU
		Release|Any CPU = Release|Any CPU
	EndGlobalSection
	GlobalSection(ProjectConfigurationPlatforms) = postSolution
		{EBB4D4A2-0182-46F8-92F7-D578299ADE66}.Debug|Any CPU.ActiveCfg = Debug|Any CPU
		{EBB4D4A2-0182-46F8-92F7-D578299ADE66}.Debug|Any CPU.Build.0 = Debug|Any CPU
		{EBB4D4A2-0182-46F8-92F7-D578299ADE66}.Release|Any CPU.ActiveCfg = Release|Any CPU
		{EBB4D4A2-0182-46F8-92F7-D578299ADE66}.Release|Any CPU.Build.0 = Release|Any CPU
	EndGlobalSection
	GlobalSection(SolutionProperties) = preSolution
		HideSolutionNode = FALSE
	EndGlobalSection
	GlobalSection(ExtensibilityGlobals) = postSolution
		SolutionGuid = {890FEF3B-424F-443B-9DAE-8E1F3A27A164}
	EndGlobalSection
EndGlobal
